// !$*UTF8*$!
{
	archiveVersion = 1;
	classes = {
	};
	objectVersion = 46;
	objects = {

/* Begin PBXBuildFile section */
		4C0CECE61C444B4400B00E9E /* ActiveLabelViewController.swift in Sources */ = {isa = PBXBuildFile; fileRef = 4C0CECE51C444B4400B00E9E /* ActiveLabelViewController.swift */; };
		4CCCB49D1C43FB840062AC6F /* WWForumDetailsController.swift in Sources */ = {isa = PBXBuildFile; fileRef = 4CCCB49C1C43FB840062AC6F /* WWForumDetailsController.swift */; };
		4CCCB49F1C43FB9C0062AC6F /* ForumHeaderView.swift in Sources */ = {isa = PBXBuildFile; fileRef = 4CCCB49E1C43FB9C0062AC6F /* ForumHeaderView.swift */; };
		4CCCB4A11C4408A20062AC6F /* WWConstants.swift in Sources */ = {isa = PBXBuildFile; fileRef = 4CCCB4A01C4408A20062AC6F /* WWConstants.swift */; };
		4CCCB4A41C440D710062AC6F /* ForumUserView.swift in Sources */ = {isa = PBXBuildFile; fileRef = 4CCCB4A31C440D710062AC6F /* ForumUserView.swift */; };
		4CD6CE5E1C40098600313F8B /* AppDelegate.swift in Sources */ = {isa = PBXBuildFile; fileRef = 4CD6CE5D1C40098600313F8B /* AppDelegate.swift */; };
		4CD6CE651C40098600313F8B /* Assets.xcassets in Resources */ = {isa = PBXBuildFile; fileRef = 4CD6CE641C40098600313F8B /* Assets.xcassets */; };
		4CD6CE681C40098600313F8B /* LaunchScreen.storyboard in Resources */ = {isa = PBXBuildFile; fileRef = 4CD6CE661C40098600313F8B /* LaunchScreen.storyboard */; };
		4CD6CE731C40098600313F8B /* ForumsHackathonTests.swift in Sources */ = {isa = PBXBuildFile; fileRef = 4CD6CE721C40098600313F8B /* ForumsHackathonTests.swift */; };
		4CD6CE7E1C40098600313F8B /* ForumsHackathonUITests.swift in Sources */ = {isa = PBXBuildFile; fileRef = 4CD6CE7D1C40098600313F8B /* ForumsHackathonUITests.swift */; };
		4CD6CE8C1C40154800313F8B /* WWTabBarController.swift in Sources */ = {isa = PBXBuildFile; fileRef = 4CD6CE8B1C40154800313F8B /* WWTabBarController.swift */; };
		4CD6CE8E1C401B0C00313F8B /* WWDummyViewController.swift in Sources */ = {isa = PBXBuildFile; fileRef = 4CD6CE8D1C401B0C00313F8B /* WWDummyViewController.swift */; };
		6978E78FC9600B6ECCDAC5D3 /* Pods_ForumsHackathon.framework in Frameworks */ = {isa = PBXBuildFile; fileRef = A308C3428ABD20BB7341F4BA /* Pods_ForumsHackathon.framework */; };
/* End PBXBuildFile section */

/* Begin PBXContainerItemProxy section */
		4CD6CE6F1C40098600313F8B /* PBXContainerItemProxy */ = {
			isa = PBXContainerItemProxy;
			containerPortal = 4CD6CE521C40098600313F8B /* Project object */;
			proxyType = 1;
			remoteGlobalIDString = 4CD6CE591C40098600313F8B;
			remoteInfo = ForumsHackathon;
		};
		4CD6CE7A1C40098600313F8B /* PBXContainerItemProxy */ = {
			isa = PBXContainerItemProxy;
			containerPortal = 4CD6CE521C40098600313F8B /* Project object */;
			proxyType = 1;
			remoteGlobalIDString = 4CD6CE591C40098600313F8B;
			remoteInfo = ForumsHackathon;
		};
/* End PBXContainerItemProxy section */

/* Begin PBXFileReference section */
		4C0CECE51C444B4400B00E9E /* ActiveLabelViewController.swift */ = {isa = PBXFileReference; fileEncoding = 4; lastKnownFileType = sourcecode.swift; path = ActiveLabelViewController.swift; sourceTree = "<group>"; };
		4CCCB49C1C43FB840062AC6F /* WWForumDetailsController.swift */ = {isa = PBXFileReference; fileEncoding = 4; lastKnownFileType = sourcecode.swift; path = WWForumDetailsController.swift; sourceTree = "<group>"; };
		4CCCB49E1C43FB9C0062AC6F /* ForumHeaderView.swift */ = {isa = PBXFileReference; fileEncoding = 4; lastKnownFileType = sourcecode.swift; path = ForumHeaderView.swift; sourceTree = "<group>"; };
		4CCCB4A01C4408A20062AC6F /* WWConstants.swift */ = {isa = PBXFileReference; fileEncoding = 4; lastKnownFileType = sourcecode.swift; path = WWConstants.swift; sourceTree = "<group>"; };
		4CCCB4A31C440D710062AC6F /* ForumUserView.swift */ = {isa = PBXFileReference; fileEncoding = 4; lastKnownFileType = sourcecode.swift; path = ForumUserView.swift; sourceTree = "<group>"; };
		4CD6CE5A1C40098600313F8B /* ForumsHackathon.app */ = {isa = PBXFileReference; explicitFileType = wrapper.application; includeInIndex = 0; path = ForumsHackathon.app; sourceTree = BUILT_PRODUCTS_DIR; };
		4CD6CE5D1C40098600313F8B /* AppDelegate.swift */ = {isa = PBXFileReference; lastKnownFileType = sourcecode.swift; path = AppDelegate.swift; sourceTree = "<group>"; };
		4CD6CE641C40098600313F8B /* Assets.xcassets */ = {isa = PBXFileReference; lastKnownFileType = folder.assetcatalog; path = Assets.xcassets; sourceTree = "<group>"; };
		4CD6CE671C40098600313F8B /* Base */ = {isa = PBXFileReference; lastKnownFileType = file.storyboard; name = Base; path = Base.lproj/LaunchScreen.storyboard; sourceTree = "<group>"; };
		4CD6CE691C40098600313F8B /* Info.plist */ = {isa = PBXFileReference; lastKnownFileType = text.plist.xml; path = Info.plist; sourceTree = "<group>"; };
		4CD6CE6E1C40098600313F8B /* ForumsHackathonTests.xctest */ = {isa = PBXFileReference; explicitFileType = wrapper.cfbundle; includeInIndex = 0; path = ForumsHackathonTests.xctest; sourceTree = BUILT_PRODUCTS_DIR; };
		4CD6CE721C40098600313F8B /* ForumsHackathonTests.swift */ = {isa = PBXFileReference; lastKnownFileType = sourcecode.swift; path = ForumsHackathonTests.swift; sourceTree = "<group>"; };
		4CD6CE741C40098600313F8B /* Info.plist */ = {isa = PBXFileReference; lastKnownFileType = text.plist.xml; path = Info.plist; sourceTree = "<group>"; };
		4CD6CE791C40098600313F8B /* ForumsHackathonUITests.xctest */ = {isa = PBXFileReference; explicitFileType = wrapper.cfbundle; includeInIndex = 0; path = ForumsHackathonUITests.xctest; sourceTree = BUILT_PRODUCTS_DIR; };
		4CD6CE7D1C40098600313F8B /* ForumsHackathonUITests.swift */ = {isa = PBXFileReference; lastKnownFileType = sourcecode.swift; path = ForumsHackathonUITests.swift; sourceTree = "<group>"; };
		4CD6CE7F1C40098600313F8B /* Info.plist */ = {isa = PBXFileReference; lastKnownFileType = text.plist.xml; path = Info.plist; sourceTree = "<group>"; };
		4CD6CE8B1C40154800313F8B /* WWTabBarController.swift */ = {isa = PBXFileReference; fileEncoding = 4; lastKnownFileType = sourcecode.swift; path = WWTabBarController.swift; sourceTree = "<group>"; };
		4CD6CE8D1C401B0C00313F8B /* WWDummyViewController.swift */ = {isa = PBXFileReference; fileEncoding = 4; lastKnownFileType = sourcecode.swift; path = WWDummyViewController.swift; sourceTree = "<group>"; };
		A308C3428ABD20BB7341F4BA /* Pods_ForumsHackathon.framework */ = {isa = PBXFileReference; explicitFileType = wrapper.framework; includeInIndex = 0; path = Pods_ForumsHackathon.framework; sourceTree = BUILT_PRODUCTS_DIR; };
		ED67BC78CBC485961768A42B /* Pods-ForumsHackathon.release.xcconfig */ = {isa = PBXFileReference; includeInIndex = 1; lastKnownFileType = text.xcconfig; name = "Pods-ForumsHackathon.release.xcconfig"; path = "Pods/Target Support Files/Pods-ForumsHackathon/Pods-ForumsHackathon.release.xcconfig"; sourceTree = "<group>"; };
		F2F08D571E95C346BCFE5211 /* Pods-ForumsHackathon.debug.xcconfig */ = {isa = PBXFileReference; includeInIndex = 1; lastKnownFileType = text.xcconfig; name = "Pods-ForumsHackathon.debug.xcconfig"; path = "Pods/Target Support Files/Pods-ForumsHackathon/Pods-ForumsHackathon.debug.xcconfig"; sourceTree = "<group>"; };
/* End PBXFileReference section */

/* Begin PBXFrameworksBuildPhase section */
		4CD6CE571C40098600313F8B /* Frameworks */ = {
			isa = PBXFrameworksBuildPhase;
			buildActionMask = 2147483647;
			files = (
				6978E78FC9600B6ECCDAC5D3 /* Pods_ForumsHackathon.framework in Frameworks */,
			);
			runOnlyForDeploymentPostprocessing = 0;
		};
		4CD6CE6B1C40098600313F8B /* Frameworks */ = {
			isa = PBXFrameworksBuildPhase;
			buildActionMask = 2147483647;
			files = (
			);
			runOnlyForDeploymentPostprocessing = 0;
		};
		4CD6CE761C40098600313F8B /* Frameworks */ = {
			isa = PBXFrameworksBuildPhase;
			buildActionMask = 2147483647;
			files = (
			);
			runOnlyForDeploymentPostprocessing = 0;
		};
/* End PBXFrameworksBuildPhase section */

/* Begin PBXGroup section */
		0A71465C10BED1F6226E17E2 /* Frameworks */ = {
			isa = PBXGroup;
			children = (
				A308C3428ABD20BB7341F4BA /* Pods_ForumsHackathon.framework */,
			);
			name = Frameworks;
			sourceTree = "<group>";
		};
		39E8FD49B51B166E0E48CF56 /* Pods */ = {
			isa = PBXGroup;
			children = (
				F2F08D571E95C346BCFE5211 /* Pods-ForumsHackathon.debug.xcconfig */,
				ED67BC78CBC485961768A42B /* Pods-ForumsHackathon.release.xcconfig */,
			);
			name = Pods;
			sourceTree = "<group>";
		};
		4CCCB4A21C440D5B0062AC6F /* ForumView */ = {
			isa = PBXGroup;
			children = (
				4CCCB49C1C43FB840062AC6F /* WWForumDetailsController.swift */,
				4CCCB49E1C43FB9C0062AC6F /* ForumHeaderView.swift */,
				4CCCB4A31C440D710062AC6F /* ForumUserView.swift */,
			);
			name = ForumView;
			sourceTree = "<group>";
		};
		4CD6CE511C40098600313F8B = {
			isa = PBXGroup;
			children = (
				4CD6CE5C1C40098600313F8B /* ForumsHackathon */,
				4CD6CE711C40098600313F8B /* ForumsHackathonTests */,
				4CD6CE7C1C40098600313F8B /* ForumsHackathonUITests */,
				4CD6CE5B1C40098600313F8B /* Products */,
				39E8FD49B51B166E0E48CF56 /* Pods */,
				0A71465C10BED1F6226E17E2 /* Frameworks */,
			);
			sourceTree = "<group>";
		};
		4CD6CE5B1C40098600313F8B /* Products */ = {
			isa = PBXGroup;
			children = (
				4CD6CE5A1C40098600313F8B /* ForumsHackathon.app */,
				4CD6CE6E1C40098600313F8B /* ForumsHackathonTests.xctest */,
				4CD6CE791C40098600313F8B /* ForumsHackathonUITests.xctest */,
			);
			name = Products;
			sourceTree = "<group>";
		};
		4CD6CE5C1C40098600313F8B /* ForumsHackathon */ = {
			isa = PBXGroup;
			children = (
				4CCCB4A21C440D5B0062AC6F /* ForumView */,
				4CD6CE5D1C40098600313F8B /* AppDelegate.swift */,
				4CD6CE641C40098600313F8B /* Assets.xcassets */,
				4CD6CE661C40098600313F8B /* LaunchScreen.storyboard */,
				4CD6CE691C40098600313F8B /* Info.plist */,
				4CD6CE8B1C40154800313F8B /* WWTabBarController.swift */,
				4CD6CE8D1C401B0C00313F8B /* WWDummyViewController.swift */,
				4CCCB4A01C4408A20062AC6F /* WWConstants.swift */,
				4C0CECE51C444B4400B00E9E /* ActiveLabelViewController.swift */,
			);
			path = ForumsHackathon;
			sourceTree = "<group>";
		};
		4CD6CE711C40098600313F8B /* ForumsHackathonTests */ = {
			isa = PBXGroup;
			children = (
				4CD6CE721C40098600313F8B /* ForumsHackathonTests.swift */,
				4CD6CE741C40098600313F8B /* Info.plist */,
			);
			path = ForumsHackathonTests;
			sourceTree = "<group>";
		};
		4CD6CE7C1C40098600313F8B /* ForumsHackathonUITests */ = {
			isa = PBXGroup;
			children = (
				4CD6CE7D1C40098600313F8B /* ForumsHackathonUITests.swift */,
				4CD6CE7F1C40098600313F8B /* Info.plist */,
			);
			path = ForumsHackathonUITests;
			sourceTree = "<group>";
		};
/* End PBXGroup section */

/* Begin PBXNativeTarget section */
		4CD6CE591C40098600313F8B /* ForumsHackathon */ = {
			isa = PBXNativeTarget;
			buildConfigurationList = 4CD6CE821C40098600313F8B /* Build configuration list for PBXNativeTarget "ForumsHackathon" */;
			buildPhases = (
				C39ECA9C874527820979464C /* Check Pods Manifest.lock */,
				4CD6CE561C40098600313F8B /* Sources */,
				4CD6CE571C40098600313F8B /* Frameworks */,
				4CD6CE581C40098600313F8B /* Resources */,
				9F32628BD5EBD05FF8FA2CD2 /* Embed Pods Frameworks */,
				79D5724A8ABCC5CFEAF54C8E /* Copy Pods Resources */,
			);
			buildRules = (
			);
			dependencies = (
			);
			name = ForumsHackathon;
			productName = ForumsHackathon;
			productReference = 4CD6CE5A1C40098600313F8B /* ForumsHackathon.app */;
			productType = "com.apple.product-type.application";
		};
		4CD6CE6D1C40098600313F8B /* ForumsHackathonTests */ = {
			isa = PBXNativeTarget;
			buildConfigurationList = 4CD6CE851C40098600313F8B /* Build configuration list for PBXNativeTarget "ForumsHackathonTests" */;
			buildPhases = (
				4CD6CE6A1C40098600313F8B /* Sources */,
				4CD6CE6B1C40098600313F8B /* Frameworks */,
				4CD6CE6C1C40098600313F8B /* Resources */,
			);
			buildRules = (
			);
			dependencies = (
				4CD6CE701C40098600313F8B /* PBXTargetDependency */,
			);
			name = ForumsHackathonTests;
			productName = ForumsHackathonTests;
			productReference = 4CD6CE6E1C40098600313F8B /* ForumsHackathonTests.xctest */;
			productType = "com.apple.product-type.bundle.unit-test";
		};
		4CD6CE781C40098600313F8B /* ForumsHackathonUITests */ = {
			isa = PBXNativeTarget;
			buildConfigurationList = 4CD6CE881C40098600313F8B /* Build configuration list for PBXNativeTarget "ForumsHackathonUITests" */;
			buildPhases = (
				4CD6CE751C40098600313F8B /* Sources */,
				4CD6CE761C40098600313F8B /* Frameworks */,
				4CD6CE771C40098600313F8B /* Resources */,
			);
			buildRules = (
			);
			dependencies = (
				4CD6CE7B1C40098600313F8B /* PBXTargetDependency */,
			);
			name = ForumsHackathonUITests;
			productName = ForumsHackathonUITests;
			productReference = 4CD6CE791C40098600313F8B /* ForumsHackathonUITests.xctest */;
			productType = "com.apple.product-type.bundle.ui-testing";
		};
/* End PBXNativeTarget section */

/* Begin PBXProject section */
		4CD6CE521C40098600313F8B /* Project object */ = {
			isa = PBXProject;
			attributes = {
				LastSwiftUpdateCheck = 0720;
				LastUpgradeCheck = 0720;
				ORGANIZATIONNAME = WeddingWire;
				TargetAttributes = {
					4CD6CE591C40098600313F8B = {
						CreatedOnToolsVersion = 7.2;
					};
					4CD6CE6D1C40098600313F8B = {
						CreatedOnToolsVersion = 7.2;
						TestTargetID = 4CD6CE591C40098600313F8B;
					};
					4CD6CE781C40098600313F8B = {
						CreatedOnToolsVersion = 7.2;
						TestTargetID = 4CD6CE591C40098600313F8B;
					};
				};
			};
			buildConfigurationList = 4CD6CE551C40098600313F8B /* Build configuration list for PBXProject "ForumsHackathon" */;
			compatibilityVersion = "Xcode 3.2";
			developmentRegion = English;
			hasScannedForEncodings = 0;
			knownRegions = (
				en,
				Base,
			);
			mainGroup = 4CD6CE511C40098600313F8B;
			productRefGroup = 4CD6CE5B1C40098600313F8B /* Products */;
			projectDirPath = "";
			projectRoot = "";
			targets = (
				4CD6CE591C40098600313F8B /* ForumsHackathon */,
				4CD6CE6D1C40098600313F8B /* ForumsHackathonTests */,
				4CD6CE781C40098600313F8B /* ForumsHackathonUITests */,
			);
		};
/* End PBXProject section */

/* Begin PBXResourcesBuildPhase section */
		4CD6CE581C40098600313F8B /* Resources */ = {
			isa = PBXResourcesBuildPhase;
			buildActionMask = 2147483647;
			files = (
				4CD6CE681C40098600313F8B /* LaunchScreen.storyboard in Resources */,
				4CD6CE651C40098600313F8B /* Assets.xcassets in Resources */,
			);
			runOnlyForDeploymentPostprocessing = 0;
		};
		4CD6CE6C1C40098600313F8B /* Resources */ = {
			isa = PBXResourcesBuildPhase;
			buildActionMask = 2147483647;
			files = (
			);
			runOnlyForDeploymentPostprocessing = 0;
		};
		4CD6CE771C40098600313F8B /* Resources */ = {
			isa = PBXResourcesBuildPhase;
			buildActionMask = 2147483647;
			files = (
			);
			runOnlyForDeploymentPostprocessing = 0;
		};
/* End PBXResourcesBuildPhase section */

/* Begin PBXShellScriptBuildPhase section */
		79D5724A8ABCC5CFEAF54C8E /* Copy Pods Resources */ = {
			isa = PBXShellScriptBuildPhase;
			buildActionMask = 2147483647;
			files = (
			);
			inputPaths = (
			);
			name = "Copy Pods Resources";
			outputPaths = (
			);
			runOnlyForDeploymentPostprocessing = 0;
			shellPath = /bin/sh;
			shellScript = "\"${SRCROOT}/Pods/Target Support Files/Pods-ForumsHackathon/Pods-ForumsHackathon-resources.sh\"\n";
			showEnvVarsInLog = 0;
		};
		9F32628BD5EBD05FF8FA2CD2 /* Embed Pods Frameworks */ = {
			isa = PBXShellScriptBuildPhase;
			buildActionMask = 2147483647;
			files = (
			);
			inputPaths = (
			);
			name = "Embed Pods Frameworks";
			outputPaths = (
			);
			runOnlyForDeploymentPostprocessing = 0;
			shellPath = /bin/sh;
			shellScript = "\"${SRCROOT}/Pods/Target Support Files/Pods-ForumsHackathon/Pods-ForumsHackathon-frameworks.sh\"\n";
			showEnvVarsInLog = 0;
		};
		C39ECA9C874527820979464C /* Check Pods Manifest.lock */ = {
			isa = PBXShellScriptBuildPhase;
			buildActionMask = 2147483647;
			files = (
			);
			inputPaths = (
			);
			name = "Check Pods Manifest.lock";
			outputPaths = (
			);
			runOnlyForDeploymentPostprocessing = 0;
			shellPath = /bin/sh;
			shellScript = "diff \"${PODS_ROOT}/../Podfile.lock\" \"${PODS_ROOT}/Manifest.lock\" > /dev/null\nif [[ $? != 0 ]] ; then\n    cat << EOM\nerror: The sandbox is not in sync with the Podfile.lock. Run 'pod install' or update your CocoaPods installation.\nEOM\n    exit 1\nfi\n";
			showEnvVarsInLog = 0;
		};
/* End PBXShellScriptBuildPhase section */

/* Begin PBXSourcesBuildPhase section */
		4CD6CE561C40098600313F8B /* Sources */ = {
			isa = PBXSourcesBuildPhase;
			buildActionMask = 2147483647;
			files = (
				4CCCB49F1C43FB9C0062AC6F /* ForumHeaderView.swift in Sources */,
				4CD6CE8C1C40154800313F8B /* WWTabBarController.swift in Sources */,
				4CD6CE5E1C40098600313F8B /* AppDelegate.swift in Sources */,
				4CCCB49D1C43FB840062AC6F /* WWForumDetailsController.swift in Sources */,
				4CD6CE8E1C401B0C00313F8B /* WWDummyViewController.swift in Sources */,
				4C0CECE61C444B4400B00E9E /* ActiveLabelViewController.swift in Sources */,
				4CCCB4A41C440D710062AC6F /* ForumUserView.swift in Sources */,
				4CCCB4A11C4408A20062AC6F /* WWConstants.swift in Sources */,
			);
			runOnlyForDeploymentPostprocessing = 0;
		};
		4CD6CE6A1C40098600313F8B /* Sources */ = {
			isa = PBXSourcesBuildPhase;
			buildActionMask = 2147483647;
			files = (
				4CD6CE731C40098600313F8B /* ForumsHackathonTests.swift in Sources */,
			);
			runOnlyForDeploymentPostprocessing = 0;
		};
		4CD6CE751C40098600313F8B /* Sources */ = {
			isa = PBXSourcesBuildPhase;
			buildActionMask = 2147483647;
			files = (
				4CD6CE7E1C40098600313F8B /* ForumsHackathonUITests.swift in Sources */,
			);
			runOnlyForDeploymentPostprocessing = 0;
		};
/* End PBXSourcesBuildPhase section */

/* Begin PBXTargetDependency section */
		4CD6CE701C40098600313F8B /* PBXTargetDependency */ = {
			isa = PBXTargetDependency;
			target = 4CD6CE591C40098600313F8B /* ForumsHackathon */;
			targetProxy = 4CD6CE6F1C40098600313F8B /* PBXContainerItemProxy */;
		};
		4CD6CE7B1C40098600313F8B /* PBXTargetDependency */ = {
			isa = PBXTargetDependency;
			target = 4CD6CE591C40098600313F8B /* ForumsHackathon */;
			targetProxy = 4CD6CE7A1C40098600313F8B /* PBXContainerItemProxy */;
		};
/* End PBXTargetDependency section */

/* Begin PBXVariantGroup section */
		4CD6CE661C40098600313F8B /* LaunchScreen.storyboard */ = {
			isa = PBXVariantGroup;
			children = (
				4CD6CE671C40098600313F8B /* Base */,
			);
			name = LaunchScreen.storyboard;
			sourceTree = "<group>";
		};
/* End PBXVariantGroup section */

/* Begin XCBuildConfiguration section */
		4CD6CE801C40098600313F8B /* Debug */ = {
			isa = XCBuildConfiguration;
			buildSettings = {
				ALWAYS_SEARCH_USER_PATHS = NO;
				CLANG_CXX_LANGUAGE_STANDARD = "gnu++0x";
				CLANG_CXX_LIBRARY = "libc++";
				CLANG_ENABLE_MODULES = YES;
				CLANG_ENABLE_OBJC_ARC = YES;
				CLANG_WARN_BOOL_CONVERSION = YES;
				CLANG_WARN_CONSTANT_CONVERSION = YES;
				CLANG_WARN_DIRECT_OBJC_ISA_USAGE = YES_ERROR;
				CLANG_WARN_EMPTY_BODY = YES;
				CLANG_WARN_ENUM_CONVERSION = YES;
				CLANG_WARN_INT_CONVERSION = YES;
				CLANG_WARN_OBJC_ROOT_CLASS = YES_ERROR;
				CLANG_WARN_UNREACHABLE_CODE = YES;
				CLANG_WARN__DUPLICATE_METHOD_MATCH = YES;
				"CODE_SIGN_IDENTITY[sdk=iphoneos*]" = "iPhone Developer";
				COPY_PHASE_STRIP = NO;
				DEBUG_INFORMATION_FORMAT = dwarf;
				ENABLE_STRICT_OBJC_MSGSEND = YES;
				ENABLE_TESTABILITY = YES;
				GCC_C_LANGUAGE_STANDARD = gnu99;
				GCC_DYNAMIC_NO_PIC = NO;
				GCC_NO_COMMON_BLOCKS = YES;
				GCC_OPTIMIZATION_LEVEL = 0;
				GCC_PREPROCESSOR_DEFINITIONS = (
					"DEBUG=1",
					"$(inherited)",
				);
				GCC_WARN_64_TO_32_BIT_CONVERSION = YES;
				GCC_WARN_ABOUT_RETURN_TYPE = YES_ERROR;
				GCC_WARN_UNDECLARED_SELECTOR = YES;
				GCC_WARN_UNINITIALIZED_AUTOS = YES_AGGRESSIVE;
				GCC_WARN_UNUSED_FUNCTION = YES;
				GCC_WARN_UNUSED_VARIABLE = YES;
				IPHONEOS_DEPLOYMENT_TARGET = 9.2;
				MTL_ENABLE_DEBUG_INFO = YES;
				ONLY_ACTIVE_ARCH = YES;
				SDKROOT = iphoneos;
				SWIFT_OPTIMIZATION_LEVEL = "-Onone";
			};
			name = Debug;
		};
		4CD6CE811C40098600313F8B /* Release */ = {
			isa = XCBuildConfiguration;
			buildSettings = {
				ALWAYS_SEARCH_USER_PATHS = NO;
				CLANG_CXX_LANGUAGE_STANDARD = "gnu++0x";
				CLANG_CXX_LIBRARY = "libc++";
				CLANG_ENABLE_MODULES = YES;
				CLANG_ENABLE_OBJC_ARC = YES;
				CLANG_WARN_BOOL_CONVERSION = YES;
				CLANG_WARN_CONSTANT_CONVERSION = YES;
				CLANG_WARN_DIRECT_OBJC_ISA_USAGE = YES_ERROR;
				CLANG_WARN_EMPTY_BODY = YES;
				CLANG_WARN_ENUM_CONVERSION = YES;
				CLANG_WARN_INT_CONVERSION = YES;
				CLANG_WARN_OBJC_ROOT_CLASS = YES_ERROR;
				CLANG_WARN_UNREACHABLE_CODE = YES;
				CLANG_WARN__DUPLICATE_METHOD_MATCH = YES;
				"CODE_SIGN_IDENTITY[sdk=iphoneos*]" = "iPhone Developer";
				COPY_PHASE_STRIP = NO;
				DEBUG_INFORMATION_FORMAT = "dwarf-with-dsym";
				ENABLE_NS_ASSERTIONS = NO;
				ENABLE_STRICT_OBJC_MSGSEND = YES;
				GCC_C_LANGUAGE_STANDARD = gnu99;
				GCC_NO_COMMON_BLOCKS = YES;
				GCC_WARN_64_TO_32_BIT_CONVERSION = YES;
				GCC_WARN_ABOUT_RETURN_TYPE = YES_ERROR;
				GCC_WARN_UNDECLARED_SELECTOR = YES;
				GCC_WARN_UNINITIALIZED_AUTOS = YES_AGGRESSIVE;
				GCC_WARN_UNUSED_FUNCTION = YES;
				GCC_WARN_UNUSED_VARIABLE = YES;
				IPHONEOS_DEPLOYMENT_TARGET = 9.2;
				MTL_ENABLE_DEBUG_INFO = NO;
				SDKROOT = iphoneos;
				VALIDATE_PRODUCT = YES;
			};
			name = Release;
		};
		4CD6CE831C40098600313F8B /* Debug */ = {
			isa = XCBuildConfiguration;
			baseConfigurationReference = F2F08D571E95C346BCFE5211 /* Pods-ForumsHackathon.debug.xcconfig */;
			buildSettings = {
				ASSETCATALOG_COMPILER_APPICON_NAME = AppIcon;
				INFOPLIST_FILE = ForumsHackathon/Info.plist;
				LD_RUNPATH_SEARCH_PATHS = "$(inherited) @executable_path/Frameworks";
				PRODUCT_BUNDLE_IDENTIFIER = WeddingWire.ForumsHackathon;
				PRODUCT_NAME = "$(TARGET_NAME)";
			};
			name = Debug;
		};
		4CD6CE841C40098600313F8B /* Release */ = {
			isa = XCBuildConfiguration;
			baseConfigurationReference = ED67BC78CBC485961768A42B /* Pods-ForumsHackathon.release.xcconfig */;
			buildSettings = {
				ASSETCATALOG_COMPILER_APPICON_NAME = AppIcon;
				INFOPLIST_FILE = ForumsHackathon/Info.plist;
				LD_RUNPATH_SEARCH_PATHS = "$(inherited) @executable_path/Frameworks";
				PRODUCT_BUNDLE_IDENTIFIER = WeddingWire.ForumsHackathon;
				PRODUCT_NAME = "$(TARGET_NAME)";
			};
			name = Release;
		};
		4CD6CE861C40098600313F8B /* Debug */ = {
			isa = XCBuildConfiguration;
			buildSettings = {
				BUNDLE_LOADER = "$(TEST_HOST)";
				INFOPLIST_FILE = ForumsHackathonTests/Info.plist;
				LD_RUNPATH_SEARCH_PATHS = "$(inherited) @executable_path/Frameworks @loader_path/Frameworks";
				PRODUCT_BUNDLE_IDENTIFIER = WeddingWire.ForumsHackathonTests;
				PRODUCT_NAME = "$(TARGET_NAME)";
				TEST_HOST = "$(BUILT_PRODUCTS_DIR)/ForumsHackathon.app/ForumsHackathon";
			};
			name = Debug;
		};
		4CD6CE871C40098600313F8B /* Release */ = {
			isa = XCBuildConfiguration;
			buildSettings = {
				BUNDLE_LOADER = "$(TEST_HOST)";
				INFOPLIST_FILE = ForumsHackathonTests/Info.plist;
				LD_RUNPATH_SEARCH_PATHS = "$(inherited) @executable_path/Frameworks @loader_path/Frameworks";
				PRODUCT_BUNDLE_IDENTIFIER = WeddingWire.ForumsHackathonTests;
				PRODUCT_NAME = "$(TARGET_NAME)";
				TEST_HOST = "$(BUILT_PRODUCTS_DIR)/ForumsHackathon.app/ForumsHackathon";
			};
			name = Release;
		};
		4CD6CE891C40098600313F8B /* Debug */ = {
			isa = XCBuildConfiguration;
			buildSettings = {
				INFOPLIST_FILE = ForumsHackathonUITests/Info.plist;
				LD_RUNPATH_SEARCH_PATHS = "$(inherited) @executable_path/Frameworks @loader_path/Frameworks";
				PRODUCT_BUNDLE_IDENTIFIER = WeddingWire.ForumsHackathonUITests;
				PRODUCT_NAME = "$(TARGET_NAME)";
				TEST_TARGET_NAME = ForumsHackathon;
				USES_XCTRUNNER = YES;
			};
			name = Debug;
		};
		4CD6CE8A1C40098600313F8B /* Release */ = {
			isa = XCBuildConfiguration;
			buildSettings = {
				INFOPLIST_FILE = ForumsHackathonUITests/Info.plist;
				LD_RUNPATH_SEARCH_PATHS = "$(inherited) @executable_path/Frameworks @loader_path/Frameworks";
				PRODUCT_BUNDLE_IDENTIFIER = WeddingWire.ForumsHackathonUITests;
				PRODUCT_NAME = "$(TARGET_NAME)";
				TEST_TARGET_NAME = ForumsHackathon;
				USES_XCTRUNNER = YES;
			};
			name = Release;
		};
/* End XCBuildConfiguration section */

/* Begin XCConfigurationList section */
		4CD6CE551C40098600313F8B /* Build configuration list for PBXProject "ForumsHackathon" */ = {
			isa = XCConfigurationList;
			buildConfigurations = (
				4CD6CE801C40098600313F8B /* Debug */,
				4CD6CE811C40098600313F8B /* Release */,
			);
			defaultConfigurationIsVisible = 0;
			defaultConfigurationName = Release;
		};
		4CD6CE821C40098600313F8B /* Build configuration list for PBXNativeTarget "ForumsHackathon" */ = {
			isa = XCConfigurationList;
			buildConfigurations = (
				4CD6CE831C40098600313F8B /* Debug */,
				4CD6CE841C40098600313F8B /* Release */,
			);
			defaultConfigurationIsVisible = 0;
			defaultConfigurationName = Release;
		};
		4CD6CE851C40098600313F8B /* Build configuration list for PBXNativeTarget "ForumsHackathonTests" */ = {
			isa = XCConfigurationList;
			buildConfigurations = (
				4CD6CE861C40098600313F8B /* Debug */,
				4CD6CE871C40098600313F8B /* Release */,
			);
			defaultConfigurationIsVisible = 0;
			defaultConfigurationName = Release;
		};
		4CD6CE881C40098600313F8B /* Build configuration list for PBXNativeTarget "ForumsHackathonUITests" */ = {
			isa = XCConfigurationList;
			buildConfigurations = (
				4CD6CE891C40098600313F8B /* Debug */,
				4CD6CE8A1C40098600313F8B /* Release */,
			);
			defaultConfigurationIsVisible = 0;
			defaultConfigurationName = Release;
		};
/* End XCConfigurationList section */
	};
	rootObject = 4CD6CE521C40098600313F8B /* Project object */;
}
